
Microsoft Visual Studio Solution File, Format Version 12.00
# Visual Studio Version 17
VisualStudioVersion = 17.0.32014.148
MinimumVisualStudioVersion = 10.0.40219.1
Project("{8BC9CEB8-8B4A-11D0-8D11-00A0C91BC942}") = "HomeWork6", "HomeWork6.vcxproj", "{51BA8CCD-D10F-43CB-A260-7052813F391F}"
EndProject
Global
	GlobalSection(SolutionConfigurationPlatforms) = preSolution
		Debug|x64 = Debug|x64
		Debug|x86 = Debug|x86
		Release|x64 = Release|x64
		Release|x86 = Release|x86
	EndGlobalSection
	GlobalSection(ProjectConfigurationPlatforms) = postSolution
		{51BA8CCD-D10F-43CB-A260-7052813F391F}.Debug|x64.ActiveCfg = Debug|x64
		{51BA8CCD-D10F-43CB-A260-7052813F391F}.Debug|x64.Build.0 = Debug|x64
		{51BA8CCD-D10F-43CB-A260-7052813F391F}.Debug|x86.ActiveCfg = Debug|Win32
		{51BA8CCD-D10F-43CB-A260-7052813F391F}.Debug|x86.Build.0 = Debug|Win32
		{51BA8CCD-D10F-43CB-A260-7052813F391F}.Release|x64.ActiveCfg = Release|x64
		{51BA8CCD-D10F-43CB-A260-7052813F391F}.Release|x64.Build.0 = Release|x64
		{51BA8CCD-D10F-43CB-A260-7052813F391F}.Release|x86.ActiveCfg = Release|Win32
		{51BA8CCD-D10F-43CB-A260-7052813F391F}.Release|x86.Build.0 = Release|Win32
	EndGlobalSection
	GlobalSection(SolutionProperties) = preSolution
		HideSolutionNode = FALSE
	EndGlobalSection
	GlobalSection(ExtensibilityGlobals) = postSolution
		SolutionGuid = {D27C93E5-81D8-4BD8-9DDC-88FD9AD8498F}
	EndGlobalSection
EndGlobal
